<?xml version="1.0" encoding="utf-8"?>
<Project ToolsVersion="4.0" xmlns="http://schemas.microsoft.com/developer/msbuild/2003">
  <ItemGroup>
    <Filter Include="Archivos de origen">
      <UniqueIdentifier>{4FC737F1-C7A5-4376-A066-2A32D752A2FF}</UniqueIdentifier>
      <Extensions>cpp;c;cc;cxx;c++;cppm;ixx;def;odl;idl;hpj;bat;asm;asmx</Extensions>
    </Filter>
    <Filter Include="Archivos de encabezado">
      <UniqueIdentifier>{93995380-89BD-4b04-88EB-625FBE52EBFB}</UniqueIdentifier>
      <Extensions>h;hh;hpp;hxx;h++;hm;inl;inc;ipp;xsd</Extensions>
    </Filter>
    <Filter Include="Archivos de recursos">
      <UniqueIdentifier>{67DA6AB6-F800-4c08-8B7A-83BB121AAD01}</UniqueIdentifier>
      <Extensions>rc;ico;cur;bmp;dlg;rc2;rct;bin;rgs;gif;jpg;jpeg;jpe;resx;tiff;tif;png;wav;mfcribbon-ms</Extensions>
    </Filter>
    <Filter Include="Archivos de origen\Screens">
      <UniqueIdentifier>{d7affff1-b929-478e-8008-d0c0b61544c2}</UniqueIdentifier>
    </Filter>
    <Filter Include="Archivos de origen\Objects">
      <UniqueIdentifier>{9d407e6e-0dcd-44d6-9c37-cb7164398e17}</UniqueIdentifier>
    </Filter>
    <Filter Include="Archivos de encabezado\Objects">
      <UniqueIdentifier>{6d9c5a4d-65d9-4fd9-8d4f-5d5cb8df44e8}</UniqueIdentifier>
    </Filter>
    <Filter Include="Archivos de encabezado\Utils">
      <UniqueIdentifier>{252d7c98-9d34-4852-a017-4042a313c4b3}</UniqueIdentifier>
    </Filter>
    <Filter Include="Archivos de encabezado\Screens">
      <UniqueIdentifier>{44589509-5848-4ba3-86dc-b69395b0e7e7}</UniqueIdentifier>
    </Filter>
    <Filter Include="Archivos de origen\Utils">
      <UniqueIdentifier>{023f35e2-91dd-4352-a9f2-3220e27c19ae}</UniqueIdentifier>
    </Filter>
  </ItemGroup>
  <ItemGroup>
    <ClCompile Include="..\src\main.cpp">
      <Filter>Archivos de origen</Filter>
    </ClCompile>
    <ClCompile Include="..\src\ScreenRules.cpp">
      <Filter>Archivos de origen\Screens</Filter>
    </ClCompile>
    <ClCompile Include="..\src\ScreenManager.cpp">
      <Filter>Archivos de origen\Screens</Filter>
    </ClCompile>
    <ClCompile Include="..\src\ScreenCredits.cpp">
      <Filter>Archivos de origen\Screens</Filter>
    </ClCompile>
    <ClCompile Include="..\src\ScreenSettings.cpp">
      <Filter>Archivos de origen\Screens</Filter>
    </ClCompile>
    <ClCompile Include="..\src\ScreenMenu.cpp">
      <Filter>Archivos de origen\Screens</Filter>
    </ClCompile>
    <ClCompile Include="..\src\Ball.cpp">
      <Filter>Archivos de origen\Objects</Filter>
    </ClCompile>
    <ClCompile Include="..\src\CollisionManager.cpp">
      <Filter>Archivos de origen</Filter>
    </ClCompile>
    <ClCompile Include="..\src\Player.cpp">
      <Filter>Archivos de origen\Objects</Filter>
    </ClCompile>
    <ClCompile Include="..\src\Text.cpp">
      <Filter>Archivos de origen\Objects</Filter>
    </ClCompile>
    <ClCompile Include="..\src\Button.cpp">
      <Filter>Archivos de origen\Objects</Filter>
    </ClCompile>
    <ClCompile Include="..\src\Input.cpp">
      <Filter>Archivos de origen</Filter>
    </ClCompile>
    <ClCompile Include="..\src\Obstacle.cpp">
      <Filter>Archivos de origen\Objects</Filter>
    </ClCompile>
    <ClCompile Include="..\src\ScreenGame.cpp">
      <Filter>Archivos de origen\Screens</Filter>
    </ClCompile>
  </ItemGroup>
  <ItemGroup>
    <ClInclude Include="..\src\Vector2.h">
      <Filter>Archivos de encabezado\Utils</Filter>
    </ClInclude>
    <ClInclude Include="..\src\Button.h">
      <Filter>Archivos de encabezado\Objects</Filter>
    </ClInclude>
    <ClInclude Include="..\src\Text.h">
      <Filter>Archivos de encabezado\Objects</Filter>
    </ClInclude>
    <ClInclude Include="..\src\Color.h">
      <Filter>Archivos de encabezado\Utils</Filter>
    </ClInclude>
    <ClInclude Include="..\src\Rectangle.h">
      <Filter>Archivos de encabezado\Utils</Filter>
    </ClInclude>
    <ClInclude Include="..\src\Sprite.h">
      <Filter>Archivos de encabezado\Utils</Filter>
    </ClInclude>
    <ClInclude Include="..\src\ScreenRules.h">
      <Filter>Archivos de encabezado\Screens</Filter>
    </ClInclude>
    <ClInclude Include="..\src\ScreenManager.h">
      <Filter>Archivos de encabezado\Screens</Filter>
    </ClInclude>
    <ClInclude Include="..\src\ScreenCredits.h">
      <Filter>Archivos de encabezado\Screens</Filter>
    </ClInclude>
    <ClInclude Include="..\src\ScreenSettings.h">
      <Filter>Archivos de encabezado\Screens</Filter>
    </ClInclude>
    <ClInclude Include="..\src\ScreenMenu.h">
      <Filter>Archivos de encabezado\Screens</Filter>
    </ClInclude>
    <ClInclude Include="..\src\Ball.h">
      <Filter>Archivos de encabezado\Objects</Filter>
    </ClInclude>
    <ClInclude Include="..\src\CollisionManager.h">
      <Filter>Archivos de encabezado</Filter>
    </ClInclude>
    <ClInclude Include="..\src\Player.h">
      <Filter>Archivos de encabezado\Objects</Filter>
    </ClInclude>
    <ClInclude Include="..\src\Input.h">
      <Filter>Archivos de encabezado</Filter>
    </ClInclude>
    <ClInclude Include="..\src\Obstacle.h">
      <Filter>Archivos de encabezado\Objects</Filter>
    </ClInclude>
    <ClInclude Include="..\src\ScreenGame.h">
      <Filter>Archivos de encabezado\Screens</Filter>
    </ClInclude>
  </ItemGroup>
</Project>